
Microsoft Visual Studio Solution File, Format Version 12.00
Project("{FAE04EC0-301F-11D3-BF4B-00C04F79EFBC}") = "TestBinding", "TestBinding\TestBinding.csproj", "{21419532-A5F9-4626-8164-B7B0125737B5}"
EndProject
Global
	GlobalSection(SolutionConfigurationPlatforms) = preSolution
		Debug|Any CPU = Debug|Any CPU
		Release|Any CPU = Release|Any CPU
	EndGlobalSection
	GlobalSection(ProjectConfigurationPlatforms) = postSolution
		{21419532-A5F9-4626-8164-B7B0125737B5}.Debug|Any CPU.ActiveCfg = Debug|Any CPU
		{21419532-A5F9-4626-8164-B7B0125737B5}.Debug|Any CPU.Build.0 = Debug|Any CPU
		{21419532-A5F9-4626-8164-B7B0125737B5}.Release|Any CPU.ActiveCfg = Release|Any CPU
		{21419532-A5F9-4626-8164-B7B0125737B5}.Release|Any CPU.Build.0 = Release|Any CPU
	EndGlobalSection
EndGlobal
