
Microsoft Visual Studio Solution File, Format Version 12.00
# Visual Studio Version 17
VisualStudioVersion = 17.3.32819.101
MinimumVisualStudioVersion = 10.0.40219.1
Project("{9A19103F-16F7-4668-BE54-9A1E7A4F7556}") = "TestBinding", "TestBinding\TestBinding.csproj", "{21419532-A5F9-4626-8164-B7B0125737B5}"
EndProject
Global
	GlobalSection(SolutionConfigurationPlatforms) = preSolution
		Debug|Any CPU = Debug|Any CPU
		Debug|x64 = Debug|x64
		Release|Any CPU = Release|Any CPU
		Release|x64 = Release|x64
	EndGlobalSection
	GlobalSection(ProjectConfigurationPlatforms) = postSolution
		{21419532-A5F9-4626-8164-B7B0125737B5}.Debug|Any CPU.ActiveCfg = Debug|x64
		{21419532-A5F9-4626-8164-B7B0125737B5}.Debug|Any CPU.Build.0 = Debug|x64
		{21419532-A5F9-4626-8164-B7B0125737B5}.Debug|x64.ActiveCfg = Debug|x64
		{21419532-A5F9-4626-8164-B7B0125737B5}.Debug|x64.Build.0 = Debug|x64
		{21419532-A5F9-4626-8164-B7B0125737B5}.Release|Any CPU.ActiveCfg = Release|Any CPU
		{21419532-A5F9-4626-8164-B7B0125737B5}.Release|Any CPU.Build.0 = Release|Any CPU
		{21419532-A5F9-4626-8164-B7B0125737B5}.Release|x64.ActiveCfg = Release|x64
		{21419532-A5F9-4626-8164-B7B0125737B5}.Release|x64.Build.0 = Release|x64
	EndGlobalSection
	GlobalSection(SolutionProperties) = preSolution
		HideSolutionNode = FALSE
	EndGlobalSection
	GlobalSection(ExtensibilityGlobals) = postSolution
		SolutionGuid = {9ABD516E-3EAA-4B7A-96F9-948FD58E6F1E}
	EndGlobalSection
EndGlobal
